
Microsoft Visual Studio Solution File, Format Version 12.00
# Visual Studio Version 17
VisualStudioVersion = 17.7.34221.43
MinimumVisualStudioVersion = 10.0.40219.1
Project("{FAE04EC0-301F-11D3-BF4B-00C04F79EFBC}") = "Animini_DL", "Animini_DL\Animini_DL.csproj", "{73945AD8-73F1-471C-ABC8-8D0A68C500F2}"
EndProject
Global
	GlobalSection(SolutionConfigurationPlatforms) = preSolution
		Debug|Any CPU = Debug|Any CPU
		Release|Any CPU = Release|Any CPU
	EndGlobalSection
	GlobalSection(ProjectConfigurationPlatforms) = postSolution
		{73945AD8-73F1-471C-ABC8-8D0A68C500F2}.Debug|Any CPU.ActiveCfg = Debug|Any CPU
		{73945AD8-73F1-471C-ABC8-8D0A68C500F2}.Debug|Any CPU.Build.0 = Debug|Any CPU
		{73945AD8-73F1-471C-ABC8-8D0A68C500F2}.Release|Any CPU.ActiveCfg = Release|Any CPU
		{73945AD8-73F1-471C-ABC8-8D0A68C500F2}.Release|Any CPU.Build.0 = Release|Any CPU
	EndGlobalSection
	GlobalSection(SolutionProperties) = preSolution
		HideSolutionNode = FALSE
	EndGlobalSection
	GlobalSection(ExtensibilityGlobals) = postSolution
		SolutionGuid = {E7FA149E-ACC1-4C3F-A3B5-799055B39680}
	EndGlobalSection
EndGlobal
